
Microsoft Visual Studio Solution File, Format Version 12.00
# Visual Studio Version 16
VisualStudioVersion = 16.0.32802.440
MinimumVisualStudioVersion = 10.0.40219.1
Project("{FAE04EC0-301F-11D3-BF4B-00C04F79EFBC}") = "CalculatorProject", "CalculatorProject\CalculatorProject.csproj", "{64C1EE38-C011-4D6C-ACE6-E61930C9AE10}"
EndProject
Global
	GlobalSection(SolutionConfigurationPlatforms) = preSolution
		Debug|Any CPU = Debug|Any CPU
		Release|Any CPU = Release|Any CPU
	EndGlobalSection
	GlobalSection(ProjectConfigurationPlatforms) = postSolution
		{64C1EE38-C011-4D6C-ACE6-E61930C9AE10}.Debug|Any CPU.ActiveCfg = Debug|Any CPU
		{64C1EE38-C011-4D6C-ACE6-E61930C9AE10}.Debug|Any CPU.Build.0 = Debug|Any CPU
		{64C1EE38-C011-4D6C-ACE6-E61930C9AE10}.Release|Any CPU.ActiveCfg = Release|Any CPU
		{64C1EE38-C011-4D6C-ACE6-E61930C9AE10}.Release|Any CPU.Build.0 = Release|Any CPU
	EndGlobalSection
	GlobalSection(SolutionProperties) = preSolution
		HideSolutionNode = FALSE
	EndGlobalSection
	GlobalSection(ExtensibilityGlobals) = postSolution
		SolutionGuid = {82629FF7-0F25-40A0-B98A-7C0BE99127D2}
	EndGlobalSection
EndGlobal
